{
  "name": "Builder",
  "lockfileVersion": 3,
  "requires": true,
  "packages": {
    "": {
      "dependencies": {
        "@better-auth/infra": "^0.3.7"
      }
    },
    "node_modules/@better-auth/core": {
      "version": "1.6.25",
      "resolved": "https://registry.npmjs.org/@better-auth/core/-/core-1.6.25.tgz",
      "integrity": "sha512-lMTlhtwyK4NpY9kPF+2rQCRKYpg136d3gM2xl8esxT1PjJx5Nh5YwZvxcYCIjDuO759sx6TCloJTuwcZGG6ZBw==",
      "license": "MIT",
      "peer": true,
      "dependencies": {
        "@opentelemetry/semantic-conventions": "^1.39.0",
        "@standard-schema/spec": "^1.1.0",
        "zod": "^4.3.6"
      },
      "peerDependencies": {
        "@better-auth/utils": "0.4.2",
        "@better-fetch/fetch": "1.3.1",
        "@cloudflare/workers-types": ">=4",
        "@opentelemetry/api": "^1.9.0",
        "better-call": "1.3.7",
        "jose": "^6.1.0",
        "kysely": "^0.28.5 || ^0.29.0",
        "nanostores": "^1.0.1"
      },
      "peerDependenciesMeta": {
        "@cloudflare/workers-types": {
          "optional": true
        },
        "@opentelemetry/api": {
          "optional": true
        }
      }
    },
    "node_modules/@better-auth/drizzle-adapter": {
      "version": "1.6.25",
      "resolved": "https://registry.npmjs.org/@better-auth/drizzle-adapter/-/drizzle-adapter-1.6.25.tgz",
      "integrity": "sha512-ru/DeKjFPQUVeKkxF/ScazmPqIY7lwfkAV5Yt4j24wmn1Y8vFwoiPRnHgXUeZqBs10+nubaRwEqLF39CP6EhRw==",
      "license": "MIT",
      "peer": true,
      "peerDependencies": {
        "@better-auth/core": "^1.6.25",
        "@better-auth/utils": "0.4.2",
        "drizzle-orm": "^0.45.2"
      },
      "peerDependenciesMeta": {
        "drizzle-orm": {
          "optional": true
        }
      }
    },
    "node_modules/@better-auth/infra": {
      "version": "0.3.7",
      "resolved": "https://registry.npmjs.org/@better-auth/infra/-/infra-0.3.7.tgz",
      "integrity": "sha512-Csnhttjkziyw5rR/O3QyAuqpk8q2gKj5nm4p8GvrEFfhuhtjRIB1MsUWE0bp1SLwwbxi0jqycIGIWFE3Mf0ivA==",
      "license": "MIT",
      "dependencies": {
        "@better-auth/utils": "^0.4.2",
        "@better-fetch/fetch": "1.3.1",
        "better-call": "1.3.7",
        "jose": "^6.1.0",
        "libphonenumber-js": "^1.13.3"
      },
      "peerDependencies": {
        "@better-auth/core": ">=1.4.0",
        "@react-native-async-storage/async-storage": ">=1.21.0",
        "better-auth": ">=1.4.0",
        "expo-constants": ">=16.0.0",
        "expo-crypto": ">=13.0.0",
        "expo-device": ">=6.0.0",
        "react-native": ">=0.74.0",
        "zod": ">=4.1.12"
      },
      "peerDependenciesMeta": {
        "@react-native-async-storage/async-storage": {
          "optional": true
        },
        "expo-constants": {
          "optional": true
        },
        "expo-crypto": {
          "optional": true
        },
        "expo-device": {
          "optional": true
        },
        "react-native": {
          "optional": true
        }
      }
    },
    "node_modules/@better-auth/kysely-adapter": {
      "version": "1.6.25",
      "resolved": "https://registry.npmjs.org/@better-auth/kysely-adapter/-/kysely-adapter-1.6.25.tgz",
      "integrity": "sha512-zxiePhtN1YClS1irKYPVwWfN6kYp+QoYlz1hdQUOj8hXyo2aE/ny4RNAb6v332b0+U6Vu88EhYITRPdmvCo6uA==",
      "license": "MIT",
      "peer": true,
      "peerDependencies": {
        "@better-auth/core": "^1.6.25",
        "@better-auth/utils": "0.4.2",
        "kysely": "^0.28.17 || ^0.29.0"
      },
      "peerDependenciesMeta": {
        "kysely": {
          "optional": true
        }
      }
    },
    "node_modules/@better-auth/memory-adapter": {
      "version": "1.6.25",
      "resolved": "https://registry.npmjs.org/@better-auth/memory-adapter/-/memory-adapter-1.6.25.tgz",
      "integrity": "sha512-GhEzTumc8yfTz+OZ6pMg06BA49xob49x1bX+1mEl/FStDJoSF+6mTfI5M2ytFxaiN89336/aUjkW8u+qRyLexw==",
      "license": "MIT",
      "peer": true,
      "peerDependencies": {
        "@better-auth/core": "^1.6.25",
        "@better-auth/utils": "0.4.2"
      }
    },
    "node_modules/@better-auth/mongo-adapter": {
      "version": "1.6.25",
      "resolved": "https://registry.npmjs.org/@better-auth/mongo-adapter/-/mongo-adapter-1.6.25.tgz",
      "integrity": "sha512-ZtMmjcOdXR2Ziqx5y8ptTOaNpe0snNfALbBUPXJsgeyeRkDJDYzyLZ8MpuvNBTNllNeIFDbiXWAK5k+pEBZrUQ==",
      "license": "MIT",
      "peer": true,
      "peerDependencies": {
        "@better-auth/core": "^1.6.25",
        "@better-auth/utils": "0.4.2",
        "mongodb": "^6.0.0 || ^7.0.0"
      },
      "peerDependenciesMeta": {
        "mongodb": {
          "optional": true
        }
      }
    },
    "node_modules/@better-auth/prisma-adapter": {
      "version": "1.6.25",
      "resolved": "https://registry.npmjs.org/@better-auth/prisma-adapter/-/prisma-adapter-1.6.25.tgz",
      "integrity": "sha512-ym7B6Iqcry+/4aQnYpFwqP/GBIiXvjrm/5B6+0qmx8mkTY/apHFTpHuGzUYYNf4vPTtzF3eYY2+s2GOsomKaRg==",
      "license": "MIT",
      "peer": true,
      "peerDependencies": {
        "@better-auth/core": "^1.6.25",
        "@better-auth/utils": "0.4.2",
        "@prisma/client": "^5.0.0 || ^6.0.0 || ^7.0.0",
        "prisma": "^5.0.0 || ^6.0.0 || ^7.0.0"
      },
      "peerDependenciesMeta": {
        "@prisma/client": {
          "optional": true
        },
        "prisma": {
          "optional": true
        }
      }
    },
    "node_modules/@better-auth/telemetry": {
      "version": "1.6.25",
      "resolved": "https://registry.npmjs.org/@better-auth/telemetry/-/telemetry-1.6.25.tgz",
      "integrity": "sha512-2ZfC9lp7tU6Jw/q2Lz/bKfQqGMdMwc/IQDTYdBhvtGi24qInYVnhp2ZCW57hHM9j+fq1ULOtxgg6M3T1LEaihw==",
      "license": "MIT",
      "peer": true,
      "peerDependencies": {
        "@better-auth/core": "^1.6.25",
        "@better-auth/utils": "0.4.2",
        "@better-fetch/fetch": "1.3.1"
      }
    },
    "node_modules/@better-auth/utils": {
      "version": "0.4.2",
      "resolved": "https://registry.npmjs.org/@better-auth/utils/-/utils-0.4.2.tgz",
      "integrity": "sha512-AUxrvu+HaaODsUyzDxFgwd/8RZ1yZaYo42LXKSrU2oGgR38pS1ij8nqQKNgtTWoYGpNevNXtCfgTy6loHveW9A==",
      "license": "MIT",
      "dependencies": {
        "@noble/hashes": "^2.0.1"
      }
    },
    "node_modules/@better-fetch/fetch": {
      "version": "1.3.1",
      "resolved": "https://registry.npmjs.org/@better-fetch/fetch/-/fetch-1.3.1.tgz",
      "integrity": "sha512-ABkD1WhyfPZprKRQI3bhATjeiFuNWC9PXhfGWqL+sg/gKrM977oFrYkdb4msM3hgUGonr7KlOsOFT5TU2rht9g==",
      "license": "MIT"
    },
    "node_modules/@noble/ciphers": {
      "version": "2.2.0",
      "resolved": "https://registry.npmjs.org/@noble/ciphers/-/ciphers-2.2.0.tgz",
      "integrity": "sha512-Z6pjIZ/8IJcCGzb2S/0Px5J81yij85xASuk1teLNeg75bfT07MV3a/O2Mtn1I2se43k3lkVEcFaR10N4cgQcZA==",
      "license": "MIT",
      "peer": true,
      "engines": {
        "node": ">= 20.19.0"
      },
      "funding": {
        "url": "https://paulmillr.com/funding/"
      }
    },
    "node_modules/@noble/hashes": {
      "version": "2.2.0",
      "resolved": "https://registry.npmjs.org/@noble/hashes/-/hashes-2.2.0.tgz",
      "integrity": "sha512-IYqDGiTXab6FniAgnSdZwgWbomxpy9FtYvLKs7wCUs2a8RkITG+DFGO1DM9cr+E3/RgADRpFjrKVaJ1z6sjtEg==",
      "license": "MIT",
      "engines": {
        "node": ">= 20.19.0"
      },
      "funding": {
        "url": "https://paulmillr.com/funding/"
      }
    },
    "node_modules/@opentelemetry/semantic-conventions": {
      "version": "1.43.0",
      "resolved": "https://registry.npmjs.org/@opentelemetry/semantic-conventions/-/semantic-conventions-1.43.0.tgz",
      "integrity": "sha512-eSYWTm620tTk45EKSedaUL8MFYI8hW164hIXsgIHyxu3VobUB3fFCu5t0hQby6OoWRPsG1KkKUG2M5UadiLiVg==",
      "license": "Apache-2.0",
      "peer": true,
      "engines": {
        "node": ">=14"
      }
    },
    "node_modules/@standard-schema/spec": {
      "version": "1.1.0",
      "resolved": "https://registry.npmjs.org/@standard-schema/spec/-/spec-1.1.0.tgz",
      "integrity": "sha512-l2aFy5jALhniG5HgqrD6jXLi/rUWrKvqN/qJx6yoJsgKhblVd+iqqU4RCXavm/jPityDo5TCvKMnpjKnOriy0w==",
      "license": "MIT",
      "peer": true
    },
    "node_modules/better-auth": {
      "version": "1.6.25",
      "resolved": "https://registry.npmjs.org/better-auth/-/better-auth-1.6.25.tgz",
      "integrity": "sha512-fvoq+oCO+FF5fpP3XfU7znRyGFpHB77UG2EyxsKNy+Cak7Q5pELu+auvvDveQbWQxcoKugZ7jYQQPFQLpUTGOw==",
      "license": "MIT",
      "peer": true,
      "dependencies": {
        "@better-auth/core": "1.6.25",
        "@better-auth/drizzle-adapter": "1.6.25",
        "@better-auth/kysely-adapter": "1.6.25",
        "@better-auth/memory-adapter": "1.6.25",
        "@better-auth/mongo-adapter": "1.6.25",
        "@better-auth/prisma-adapter": "1.6.25",
        "@better-auth/telemetry": "1.6.25",
        "@better-auth/utils": "0.4.2",
        "@better-fetch/fetch": "1.3.1",
        "@noble/ciphers": "^2.1.1",
        "@noble/hashes": "^2.0.1",
        "better-call": "1.3.7",
        "defu": "^6.1.4",
        "jose": "^6.1.3",
        "kysely": "^0.28.17 || ^0.29.0",
        "nanostores": "^1.1.1",
        "zod": "^4.3.6"
      },
      "peerDependencies": {
        "@lynx-js/react": "*",
        "@prisma/client": "^5.0.0 || ^6.0.0 || ^7.0.0",
        "@sveltejs/kit": "^2.0.0",
        "@tanstack/react-start": "^1.0.0",
        "@tanstack/solid-start": "^1.0.0",
        "better-sqlite3": "^12.0.0",
        "drizzle-kit": ">=0.31.4",
        "drizzle-orm": "^0.45.2",
        "mongodb": "^6.0.0 || ^7.0.0",
        "mysql2": "^3.0.0",
        "next": "^14.0.0 || ^15.0.0 || ^16.0.0",
        "pg": "^8.0.0",
        "prisma": "^5.0.0 || ^6.0.0 || ^7.0.0",
        "react": "^18.0.0 || ^19.0.0",
        "react-dom": "^18.0.0 || ^19.0.0",
        "solid-js": "^1.0.0",
        "svelte": "^4.0.0 || ^5.0.0",
        "vitest": "^2.0.0 || ^3.0.0 || ^4.0.0",
        "vue": "^3.0.0"
      },
      "peerDependenciesMeta": {
        "@lynx-js/react": {
          "optional": true
        },
        "@prisma/client": {
          "optional": true
        },
        "@sveltejs/kit": {
          "optional": true
        },
        "@tanstack/react-start": {
          "optional": true
        },
        "@tanstack/solid-start": {
          "optional": true
        },
        "better-sqlite3": {
          "optional": true
        },
        "drizzle-kit": {
          "optional": true
        },
        "drizzle-orm": {
          "optional": true
        },
        "mongodb": {
          "optional": true
        },
        "mysql2": {
          "optional": true
        },
        "next": {
          "optional": true
        },
        "pg": {
          "optional": true
        },
        "prisma": {
          "optional": true
        },
        "react": {
          "optional": true
        },
        "react-dom": {
          "optional": true
        },
        "solid-js": {
          "optional": true
        },
        "svelte": {
          "optional": true
        },
        "vitest": {
          "optional": true
        },
        "vue": {
          "optional": true
        }
      }
    },
    "node_modules/better-call": {
      "version": "1.3.7",
      "resolved": "https://registry.npmjs.org/better-call/-/better-call-1.3.7.tgz",
      "integrity": "sha512-Al51/hjp2SSp6CRTa3F2ptcx4yQVS1xWKoY6jcVXqNYOap6mHFP2jUBn5EwIL4iIed1/Sq4hlQ+Umm6EflZG+w==",
      "license": "MIT",
      "dependencies": {
        "@better-auth/utils": "^0.4.0",
        "@better-fetch/fetch": "^1.1.21",
        "rou3": "^0.7.12",
        "set-cookie-parser": "^3.0.1"
      },
      "peerDependencies": {
        "zod": "^4.0.0"
      },
      "peerDependenciesMeta": {
        "zod": {
          "optional": true
        }
      }
    },
    "node_modules/defu": {
      "version": "6.1.7",
      "resolved": "https://registry.npmjs.org/defu/-/defu-6.1.7.tgz",
      "integrity": "sha512-7z22QmUWiQ/2d0KkdYmANbRUVABpZ9SNYyH5vx6PZ+nE5bcC0l7uFvEfHlyld/HcGBFTL536ClDt3DEcSlEJAQ==",
      "license": "MIT",
      "peer": true
    },
    "node_modules/jose": {
      "version": "6.2.4",
      "resolved": "https://registry.npmjs.org/jose/-/jose-6.2.4.tgz",
      "integrity": "sha512-N8acGzVsQy6M/fjFcxtysNc4Q379TcM5dM/qKkNtsHFji88yANnXTr7BLeP75iPnFwBfQzM/jg2BZ9+HZrHCZA==",
      "license": "MIT",
      "funding": {
        "url": "https://github.com/sponsors/panva"
      }
    },
    "node_modules/kysely": {
      "version": "0.29.4",
      "resolved": "https://registry.npmjs.org/kysely/-/kysely-0.29.4.tgz",
      "integrity": "sha512-y5mVgQNkMbs1eK9Xyc0pmNdabN2wHhRYY/5r4W5HrUT1rYCEPeVNSj1RUJeSDKT3U0p+mXCvLgkrFuIafYI6BA==",
      "license": "MIT",
      "peer": true,
      "engines": {
        "node": ">=22.0.0"
      }
    },
    "node_modules/libphonenumber-js": {
      "version": "1.13.9",
      "resolved": "https://registry.npmjs.org/libphonenumber-js/-/libphonenumber-js-1.13.9.tgz",
      "integrity": "sha512-VNS5vWMM7r0P66BYv+TQJATxExEgLxN+34hfHDVhDkUsGAE4cRg0shCNSLTXNKm7nIUscC7AfB51TjxEeF7msQ==",
      "license": "MIT"
    },
    "node_modules/nanostores": {
      "version": "1.4.1",
      "resolved": "https://registry.npmjs.org/nanostores/-/nanostores-1.4.1.tgz",
      "integrity": "sha512-PGd3uPojJB9Z07d5NX3Db/SOSBbyy3wLMUGq0GpnEEJfVzY9mq7daPMAZ3jObV5D3Jn+YKND636eI5ULg7F80Q==",
      "funding": [
        {
          "type": "github",
          "url": "https://github.com/sponsors/ai"
        }
      ],
      "license": "MIT",
      "peer": true,
      "engines": {
        "node": "^20.0.0 || >=22.0.0"
      }
    },
    "node_modules/rou3": {
      "version": "0.7.12",
      "resolved": "https://registry.npmjs.org/rou3/-/rou3-0.7.12.tgz",
      "integrity": "sha512-iFE4hLDuloSWcD7mjdCDhx2bKcIsYbtOTpfH5MHHLSKMOUyjqQXTeZVa289uuwEGEKFoE/BAPbhaU4B774nceg==",
      "license": "MIT"
    },
    "node_modules/set-cookie-parser": {
      "version": "3.1.2",
      "resolved": "https://registry.npmjs.org/set-cookie-parser/-/set-cookie-parser-3.1.2.tgz",
      "integrity": "sha512-5/r/lTwbJ3zQ+qwdUFZYeRNqda7P5HD8zQKqlSjdGt1/S0cjLAphHusj4Y58ahDtWn/g32xrIS58/ikOvwl0Lw==",
      "license": "MIT"
    },
    "node_modules/zod": {
      "version": "4.4.3",
      "resolved": "https://registry.npmjs.org/zod/-/zod-4.4.3.tgz",
      "integrity": "sha512-ytENFjIJFl2UwYglde2jchW2Hwm4GJFLDiSXWdTrJQBIN9Fcyp7n4DhxJEiWNAJMV1/BqWfW/kkg71UDcHJyTQ==",
      "license": "MIT",
      "peer": true,
      "funding": {
        "url": "https://github.com/sponsors/colinhacks"
      }
    }
  }
}
